
Microsoft Visual Studio Solution File, Format Version 12.00
# Visual Studio 14
VisualStudioVersion = 14.0.25420.1
MinimumVisualStudioVersion = 10.0.40219.1
Project("{FAE04EC0-301F-11D3-BF4B-00C04F79EFBC}") = "odenti.Hesaplama", "odenti.Hesaplama\odenti.Hesaplama.csproj", "{594AC1DA-2F52-4FCA-BBC0-2C77F36332DE}"
EndProject
Global
	GlobalSection(SolutionConfigurationPlatforms) = preSolution
		Debug|Any CPU = Debug|Any CPU
		Release|Any CPU = Release|Any CPU
	EndGlobalSection
	GlobalSection(ProjectConfigurationPlatforms) = postSolution
		{594AC1DA-2F52-4FCA-BBC0-2C77F36332DE}.Debug|Any CPU.ActiveCfg = Debug|Any CPU
		{594AC1DA-2F52-4FCA-BBC0-2C77F36332DE}.Debug|Any CPU.Build.0 = Debug|Any CPU
		{594AC1DA-2F52-4FCA-BBC0-2C77F36332DE}.Release|Any CPU.ActiveCfg = Release|Any CPU
		{594AC1DA-2F52-4FCA-BBC0-2C77F36332DE}.Release|Any CPU.Build.0 = Release|Any CPU
	EndGlobalSection
	GlobalSection(SolutionProperties) = preSolution
		HideSolutionNode = FALSE
	EndGlobalSection
EndGlobal
